PODS:
  - XVIEWPublicManager (0.1.3)

DEPENDENCIES:
  - XVIEWPublicManager (from `../`)

EXTERNAL SOURCES:
  XVIEWPublicManager:
    :path: "../"

SPEC CHECKSUMS:
  XVIEWPublicManager: 882318c97ccf4db0ff21a2a7f4eaedc76e4ce34e

PODFILE CHECKSUM: 3403ffe3d9cfd93918082694058d24ab87826d17

COCOAPODS: 1.5.3
